// !$*UTF8*$!
{
	archiveVersion = 1;
	classes = {
	};
	objectVersion = 48;
	objects = {

/* Begin PBXBuildFile section */
		D62E5129203780790099FEDA /* AppDelegate.swift in Sources */ = {isa = PBXBuildFile; fileRef = D62E5128203780790099FEDA /* AppDelegate.swift */; };
		D62E512B203780790099FEDA /* ViewController.swift in Sources */ = {isa = PBXBuildFile; fileRef = D62E512A203780790099FEDA /* ViewController.swift */; };
		D62E512E203780790099FEDA /* Main.storyboard in Resources */ = {isa = PBXBuildFile; fileRef = D62E512C203780790099FEDA /* Main.storyboard */; };
		D62E5130203780790099FEDA /* Assets.xcassets in Resources */ = {isa = PBXBuildFile; fileRef = D62E512F203780790099FEDA /* Assets.xcassets */; };
		D62E5133203780790099FEDA /* LaunchScreen.storyboard in Resources */ = {isa = PBXBuildFile; fileRef = D62E5131203780790099FEDA /* LaunchScreen.storyboard */; };
		D67DC7FD203C84A200AF0CCD /* Logger.swift in Sources */ = {isa = PBXBuildFile; fileRef = D67DC7FC203C84A200AF0CCD /* Logger.swift */; };
		D6CDDD1B203C7ED9001DF3CD /* Speaker.swift in Sources */ = {isa = PBXBuildFile; fileRef = D6CDDD1A203C7ED9001DF3CD /* Speaker.swift */; };
		D6CDDD1D203C8007001DF3CD /* TestRunner.swift in Sources */ = {isa = PBXBuildFile; fileRef = D6CDDD1C203C8007001DF3CD /* TestRunner.swift */; };
		D6CF5979203E331D00D15325 /* Settings.bundle in Resources */ = {isa = PBXBuildFile; fileRef = D6CF5978203E331D00D15325 /* Settings.bundle */; };
		D6E227EA204065E000B6D53C /* PedometerManager.swift in Sources */ = {isa = PBXBuildFile; fileRef = D6E227E9204065E000B6D53C /* PedometerManager.swift */; };
/* End PBXBuildFile section */

/* Begin PBXFileReference section */
		D62E5125203780790099FEDA /* StepTester.app */ = {isa = PBXFileReference; explicitFileType = wrapper.application; includeInIndex = 0; path = StepTester.app; sourceTree = BUILT_PRODUCTS_DIR; };
		D62E5128203780790099FEDA /* AppDelegate.swift */ = {isa = PBXFileReference; lastKnownFileType = sourcecode.swift; path = AppDelegate.swift; sourceTree = "<group>"; };
		D62E512A203780790099FEDA /* ViewController.swift */ = {isa = PBXFileReference; lastKnownFileType = sourcecode.swift; path = ViewController.swift; sourceTree = "<group>"; };
		D62E512D203780790099FEDA /* Base */ = {isa = PBXFileReference; lastKnownFileType = file.storyboard; name = Base; path = Base.lproj/Main.storyboard; sourceTree = "<group>"; };
		D62E512F203780790099FEDA /* Assets.xcassets */ = {isa = PBXFileReference; lastKnownFileType = folder.assetcatalog; path = Assets.xcassets; sourceTree = "<group>"; };
		D62E5132203780790099FEDA /* Base */ = {isa = PBXFileReference; lastKnownFileType = file.storyboard; name = Base; path = Base.lproj/LaunchScreen.storyboard; sourceTree = "<group>"; };
		D62E5134203780790099FEDA /* Info.plist */ = {isa = PBXFileReference; lastKnownFileType = text.plist.xml; path = Info.plist; sourceTree = "<group>"; };
		D67DC7FC203C84A200AF0CCD /* Logger.swift */ = {isa = PBXFileReference; lastKnownFileType = sourcecode.swift; path = Logger.swift; sourceTree = "<group>"; };
		D6CDDD1A203C7ED9001DF3CD /* Speaker.swift */ = {isa = PBXFileReference; lastKnownFileType = sourcecode.swift; path = Speaker.swift; sourceTree = "<group>"; };
		D6CDDD1C203C8007001DF3CD /* TestRunner.swift */ = {isa = PBXFileReference; lastKnownFileType = sourcecode.swift; path = TestRunner.swift; sourceTree = "<group>"; };
		D6CF5978203E331D00D15325 /* Settings.bundle */ = {isa = PBXFileReference; lastKnownFileType = "wrapper.plug-in"; path = Settings.bundle; sourceTree = "<group>"; };
		D6E227E9204065E000B6D53C /* PedometerManager.swift */ = {isa = PBXFileReference; lastKnownFileType = sourcecode.swift; path = PedometerManager.swift; sourceTree = "<group>"; };
/* End PBXFileReference section */

/* Begin PBXFrameworksBuildPhase section */
		D62E5122203780790099FEDA /* Frameworks */ = {
			isa = PBXFrameworksBuildPhase;
			buildActionMask = 2147483647;
			files = (
			);
			runOnlyForDeploymentPostprocessing = 0;
		};
/* End PBXFrameworksBuildPhase section */

/* Begin PBXGroup section */
		D62E511C203780790099FEDA = {
			isa = PBXGroup;
			children = (
				D62E5127203780790099FEDA /* StepTester */,
				D62E5126203780790099FEDA /* Products */,
			);
			sourceTree = "<group>";
		};
		D62E5126203780790099FEDA /* Products */ = {
			isa = PBXGroup;
			children = (
				D62E5125203780790099FEDA /* StepTester.app */,
			);
			name = Products;
			sourceTree = "<group>";
		};
		D62E5127203780790099FEDA /* StepTester */ = {
			isa = PBXGroup;
			children = (
				D67DC7FC203C84A200AF0CCD /* Logger.swift */,
				D62E5128203780790099FEDA /* AppDelegate.swift */,
				D62E512A203780790099FEDA /* ViewController.swift */,
				D6CDDD1C203C8007001DF3CD /* TestRunner.swift */,
				D6CDDD1A203C7ED9001DF3CD /* Speaker.swift */,
				D6E227E9204065E000B6D53C /* PedometerManager.swift */,
				D62E512C203780790099FEDA /* Main.storyboard */,
				D62E512F203780790099FEDA /* Assets.xcassets */,
				D62E5131203780790099FEDA /* LaunchScreen.storyboard */,
				D62E5134203780790099FEDA /* Info.plist */,
				D6CF5978203E331D00D15325 /* Settings.bundle */,
			);
			path = StepTester;
			sourceTree = "<group>";
		};
/* End PBXGroup section */

/* Begin PBXNativeTarget section */
		D62E5124203780790099FEDA /* StepTester */ = {
			isa = PBXNativeTarget;
			buildConfigurationList = D62E5137203780790099FEDA /* Build configuration list for PBXNativeTarget "StepTester" */;
			buildPhases = (
				D62E5121203780790099FEDA /* Sources */,
				D62E5122203780790099FEDA /* Frameworks */,
				D62E5123203780790099FEDA /* Resources */,
			);
			buildRules = (
			);
			dependencies = (
			);
			name = StepTester;
			productName = StepTester;
			productReference = D62E5125203780790099FEDA /* StepTester.app */;
			productType = "com.apple.product-type.application";
		};
/* End PBXNativeTarget section */

/* Begin PBXProject section */
		D62E511D203780790099FEDA /* Project object */ = {
			isa = PBXProject;
			attributes = {
				LastSwiftUpdateCheck = 0920;
				LastUpgradeCheck = 0920;
				ORGANIZATIONNAME = Imprivata;
				TargetAttributes = {
					D62E5124203780790099FEDA = {
						CreatedOnToolsVersion = 9.2;
						ProvisioningStyle = Automatic;
					};
				};
			};
			buildConfigurationList = D62E5120203780790099FEDA /* Build configuration list for PBXProject "StepTester" */;
			compatibilityVersion = "Xcode 8.0";
			developmentRegion = en;
			hasScannedForEncodings = 0;
			knownRegions = (
				en,
				Base,
			);
			mainGroup = D62E511C203780790099FEDA;
			productRefGroup = D62E5126203780790099FEDA /* Products */;
			projectDirPath = "";
			projectRoot = "";
			targets = (
				D62E5124203780790099FEDA /* StepTester */,
			);
		};
/* End PBXProject section */

/* Begin PBXResourcesBuildPhase section */
		D62E5123203780790099FEDA /* Resources */ = {
			isa = PBXResourcesBuildPhase;
			buildActionMask = 2147483647;
			files = (
				D6CF5979203E331D00D15325 /* Settings.bundle in Resources */,
				D62E5133203780790099FEDA /* LaunchScreen.storyboard in Resources */,
				D62E5130203780790099FEDA /* Assets.xcassets in Resources */,
				D62E512E203780790099FEDA /* Main.storyboard in Resources */,
			);
			runOnlyForDeploymentPostprocessing = 0;
		};
/* End PBXResourcesBuildPhase section */

/* Begin PBXSourcesBuildPhase section */
		D62E5121203780790099FEDA /* Sources */ = {
			isa = PBXSourcesBuildPhase;
			buildActionMask = 2147483647;
			files = (
				D67DC7FD203C84A200AF0CCD /* Logger.swift in Sources */,
				D62E512B203780790099FEDA /* ViewController.swift in Sources */,
				D6CDDD1D203C8007001DF3CD /* TestRunner.swift in Sources */,
				D6E227EA204065E000B6D53C /* PedometerManager.swift in Sources */,
				D62E5129203780790099FEDA /* AppDelegate.swift in Sources */,
				D6CDDD1B203C7ED9001DF3CD /* Speaker.swift in Sources */,
			);
			runOnlyForDeploymentPostprocessing = 0;
		};
/* End PBXSourcesBuildPhase section */

/* Begin PBXVariantGroup section */
		D62E512C203780790099FEDA /* Main.storyboard */ = {
			isa = PBXVariantGroup;
			children = (
				D62E512D203780790099FEDA /* Base */,
			);
			name = Main.storyboard;
			sourceTree = "<group>";
		};
		D62E5131203780790099FEDA /* LaunchScreen.storyboard */ = {
			isa = PBXVariantGroup;
			children = (
				D62E5132203780790099FEDA /* Base */,
			);
			name = LaunchScreen.storyboard;
			sourceTree = "<group>";
		};
/* End PBXVariantGroup section */

/* Begin XCBuildConfiguration section */
		D62E5135203780790099FEDA /* Debug */ = {
			isa = XCBuildConfiguration;
			buildSettings = {
				ALWAYS_SEARCH_USER_PATHS = NO;
				CLANG_ANALYZER_NONNULL = YES;
				CLANG_ANALYZER_NUMBER_OBJECT_CONVERSION = YES_AGGRESSIVE;
				CLANG_CXX_LANGUAGE_STANDARD = "gnu++14";
				CLANG_CXX_LIBRARY = "libc++";
				CLANG_ENABLE_MODULES = YES;
				CLANG_ENABLE_OBJC_ARC = YES;
				CLANG_WARN_BLOCK_CAPTURE_AUTORELEASING = YES;
				CLANG_WARN_BOOL_CONVERSION = YES;
				CLANG_WARN_COMMA = YES;
				CLANG_WARN_CONSTANT_CONVERSION = YES;
				CLANG_WARN_DIRECT_OBJC_ISA_USAGE = YES_ERROR;
				CLANG_WARN_DOCUMENTATION_COMMENTS = YES;
				CLANG_WARN_EMPTY_BODY = YES;
				CLANG_WARN_ENUM_CONVERSION = YES;
				CLANG_WARN_INFINITE_RECURSION = YES;
				CLANG_WARN_INT_CONVERSION = YES;
				CLANG_WARN_NON_LITERAL_NULL_CONVERSION = YES;
				CLANG_WARN_OBJC_LITERAL_CONVERSION = YES;
				CLANG_WARN_OBJC_ROOT_CLASS = YES_ERROR;
				CLANG_WARN_RANGE_LOOP_ANALYSIS = YES;
				CLANG_WARN_STRICT_PROTOTYPES = YES;
				CLANG_WARN_SUSPICIOUS_MOVE = YES;
				CLANG_WARN_UNGUARDED_AVAILABILITY = YES_AGGRESSIVE;
				CLANG_WARN_UNREACHABLE_CODE = YES;
				CLANG_WARN__DUPLICATE_METHOD_MATCH = YES;
				CODE_SIGN_IDENTITY = "iPhone Developer";
				COPY_PHASE_STRIP = NO;
				DEBUG_INFORMATION_FORMAT = dwarf;
				ENABLE_STRICT_OBJC_MSGSEND = YES;
				ENABLE_TESTABILITY = YES;
				GCC_C_LANGUAGE_STANDARD = gnu11;
				GCC_DYNAMIC_NO_PIC = NO;
				GCC_NO_COMMON_BLOCKS = YES;
				GCC_OPTIMIZATION_LEVEL = 0;
				GCC_PREPROCESSOR_DEFINITIONS = (
					"DEBUG=1",
					"$(inherited)",
				);
				GCC_WARN_64_TO_32_BIT_CONVERSION = YES;
				GCC_WARN_ABOUT_RETURN_TYPE = YES_ERROR;
				GCC_WARN_UNDECLARED_SELECTOR = YES;
				GCC_WARN_UNINITIALIZED_AUTOS = YES_AGGRESSIVE;
				GCC_WARN_UNUSED_FUNCTION = YES;
				GCC_WARN_UNUSED_VARIABLE = YES;
				IPHONEOS_DEPLOYMENT_TARGET = 11.2;
				MTL_ENABLE_DEBUG_INFO = YES;
				ONLY_ACTIVE_ARCH = YES;
				SDKROOT = iphoneos;
				SWIFT_ACTIVE_COMPILATION_CONDITIONS = DEBUG;
				SWIFT_OPTIMIZATION_LEVEL = "-Onone";
			};
			name = Debug;
		};
		D62E5136203780790099FEDA /* Release */ = {
			isa = XCBuildConfiguration;
			buildSettings = {
				ALWAYS_SEARCH_USER_PATHS = NO;
				CLANG_ANALYZER_NONNULL = YES;
				CLANG_ANALYZER_NUMBER_OBJECT_CONVERSION = YES_AGGRESSIVE;
				CLANG_CXX_LANGUAGE_STANDARD = "gnu++14";
				CLANG_CXX_LIBRARY = "libc++";
				CLANG_ENABLE_MODULES = YES;
				CLANG_ENABLE_OBJC_ARC = YES;
				CLANG_WARN_BLOCK_CAPTURE_AUTORELEASING = YES;
				CLANG_WARN_BOOL_CONVERSION = YES;
				CLANG_WARN_COMMA = YES;
				CLANG_WARN_CONSTANT_CONVERSION = YES;
				CLANG_WARN_DIRECT_OBJC_ISA_USAGE = YES_ERROR;
				CLANG_WARN_DOCUMENTATION_COMMENTS = YES;
				CLANG_WARN_EMPTY_BODY = YES;
				CLANG_WARN_ENUM_CONVERSION = YES;
				CLANG_WARN_INFINITE_RECURSION = YES;
				CLANG_WARN_INT_CONVERSION = YES;
				CLANG_WARN_NON_LITERAL_NULL_CONVERSION = YES;
				CLANG_WARN_OBJC_LITERAL_CONVERSION = YES;
				CLANG_WARN_OBJC_ROOT_CLASS = YES_ERROR;
				CLANG_WARN_RANGE_LOOP_ANALYSIS = YES;
				CLANG_WARN_STRICT_PROTOTYPES = YES;
				CLANG_WARN_SUSPICIOUS_MOVE = YES;
				CLANG_WARN_UNGUARDED_AVAILABILITY = YES_AGGRESSIVE;
				CLANG_WARN_UNREACHABLE_CODE = YES;
				CLANG_WARN__DUPLICATE_METHOD_MATCH = YES;
				CODE_SIGN_IDENTITY = "iPhone Developer";
				COPY_PHASE_STRIP = NO;
				DEBUG_INFORMATION_FORMAT = "dwarf-with-dsym";
				ENABLE_NS_ASSERTIONS = NO;
				ENABLE_STRICT_OBJC_MSGSEND = YES;
				GCC_C_LANGUAGE_STANDARD = gnu11;
				GCC_NO_COMMON_BLOCKS = YES;
				GCC_WARN_64_TO_32_BIT_CONVERSION = YES;
				GCC_WARN_ABOUT_RETURN_TYPE = YES_ERROR;
				GCC_WARN_UNDECLARED_SELECTOR = YES;
				GCC_WARN_UNINITIALIZED_AUTOS = YES_AGGRESSIVE;
				GCC_WARN_UNUSED_FUNCTION = YES;
				GCC_WARN_UNUSED_VARIABLE = YES;
				IPHONEOS_DEPLOYMENT_TARGET = 11.2;
				MTL_ENABLE_DEBUG_INFO = NO;
				SDKROOT = iphoneos;
				SWIFT_OPTIMIZATION_LEVEL = "-Owholemodule";
				VALIDATE_PRODUCT = YES;
			};
			name = Release;
		};
		D62E5138203780790099FEDA /* Debug */ = {
			isa = XCBuildConfiguration;
			buildSettings = {
				ASSETCATALOG_COMPILER_APPICON_NAME = AppIcon;
				CODE_SIGN_STYLE = Automatic;
				DEVELOPMENT_TEAM = XXGW89V7J7;
				INFOPLIST_FILE = StepTester/Info.plist;
				LD_RUNPATH_SEARCH_PATHS = "$(inherited) @executable_path/Frameworks";
				PRODUCT_BUNDLE_IDENTIFIER = com.imprivata.StepTester;
				PRODUCT_NAME = "$(TARGET_NAME)";
				SWIFT_VERSION = 4.0;
				TARGETED_DEVICE_FAMILY = "1,2";
			};
			name = Debug;
		};
		D62E5139203780790099FEDA /* Release */ = {
			isa = XCBuildConfiguration;
			buildSettings = {
				ASSETCATALOG_COMPILER_APPICON_NAME = AppIcon;
				CODE_SIGN_STYLE = Automatic;
				DEVELOPMENT_TEAM = XXGW89V7J7;
				INFOPLIST_FILE = StepTester/Info.plist;
				LD_RUNPATH_SEARCH_PATHS = "$(inherited) @executable_path/Frameworks";
				PRODUCT_BUNDLE_IDENTIFIER = com.imprivata.StepTester;
				PRODUCT_NAME = "$(TARGET_NAME)";
				SWIFT_VERSION = 4.0;
				TARGETED_DEVICE_FAMILY = "1,2";
			};
			name = Release;
		};
/* End XCBuildConfiguration section */

/* Begin XCConfigurationList section */
		D62E5120203780790099FEDA /* Build configuration list for PBXProject "StepTester" */ = {
			isa = XCConfigurationList;
			buildConfigurations = (
				D62E5135203780790099FEDA /* Debug */,
				D62E5136203780790099FEDA /* Release */,
			);
			defaultConfigurationIsVisible = 0;
			defaultConfigurationName = Release;
		};
		D62E5137203780790099FEDA /* Build configuration list for PBXNativeTarget "StepTester" */ = {
			isa = XCConfigurationList;
			buildConfigurations = (
				D62E5138203780790099FEDA /* Debug */,
				D62E5139203780790099FEDA /* Release */,
			);
			defaultConfigurationIsVisible = 0;
			defaultConfigurationName = Release;
		};
/* End XCConfigurationList section */
	};
	rootObject = D62E511D203780790099FEDA /* Project object */;
}
